{
  "name": "163-music",
  "version": "1.0.0",
  "lockfileVersion": 1,
  "requires": true,
  "dependencies": {
    "leancloud-storage": {
      "version": "3.10.0",
      "resolved": "http://registry.npm.taobao.org/leancloud-storage/download/leancloud-storage-3.10.0.tgz",
      "requires": {
        "debug": "^3.1.0",
        "eventemitter3": "^2.0.3",
        "leancloud-realtime": "^4.2.0",
        "leancloud-realtime-plugin-live-query": "^1.1.1",
        "localstorage-memory": "^1.0.1",
        "underscore": "^1.8.3"
      },
      "dependencies": {
        "ascli": {
          "version": "1.0.1",
          "resolved": "http://registry.npm.taobao.org/ascli/download/ascli-1.0.1.tgz",
          "integrity": "sha1-vPpZdKYvGOgcq660lzKrSoj5Brw=",
          "requires": {
            "colour": "~0.7.1",
            "optjs": "~3.2.2"
          }
        },
        "axios": {
          "version": "0.18.0",
          "resolved": "http://registry.npm.taobao.org/axios/download/axios-0.18.0.tgz",
          "integrity": "sha1-MtU+SFHv3AoRmTts0AB4nXDAUQI=",
          "requires": {
            "follow-redirects": "^1.3.0"
          }
        },
        "balanced-match": {
          "version": "1.0.0",
          "resolved": "http://registry.npm.taobao.org/balanced-match/download/balanced-match-1.0.0.tgz",
          "integrity": "sha1-ibTRmasr7kneFk6gK4nORi1xt2c="
        },
        "base64-arraybuffer": {
          "version": "0.1.5",
          "resolved": "http://registry.npm.taobao.org/base64-arraybuffer/download/base64-arraybuffer-0.1.5.tgz",
          "integrity": "sha1-c5JncZI7Whl0etZmqlzUv5xunOg="
        },
        "brace-expansion": {
          "version": "1.1.11",
          "resolved": "http://registry.npm.taobao.org/brace-expansion/download/brace-expansion-1.1.11.tgz",
          "integrity": "sha1-PH/L9SnYcibz0vUrlm/1Jx60Qd0=",
          "requires": {
            "balanced-match": "^1.0.0",
            "concat-map": "0.0.1"
          }
        },
        "colour": {
          "version": "0.7.1",
          "resolved": "http://registry.npm.taobao.org/colour/download/colour-0.7.1.tgz",
          "integrity": "sha1-nLFpkX7F0SwHNtPoaFdG3xyt93g="
        },
        "concat-map": {
          "version": "0.0.1",
          "resolved": "http://registry.npm.taobao.org/concat-map/download/concat-map-0.0.1.tgz",
          "integrity": "sha1-2Klr13/Wjfd5OnMDajug1UBdR3s="
        },
        "debug": {
          "version": "3.2.6",
          "resolved": "http://registry.npm.taobao.org/debug/download/debug-3.2.6.tgz",
          "integrity": "sha1-6D0X3hbYp++3cX7b5fsQE17uYps="
        },
        "es6-promise": {
          "bundled": true
        },
        "eventemitter3": {
          "version": "2.0.3",
          "resolved": "http://registry.npm.taobao.org/eventemitter3/download/eventemitter3-2.0.3.tgz",
          "integrity": "sha1-teEHm1n7XhuidxwKmTvgYKWMmbo="
        },
        "follow-redirects": {
          "version": "1.5.9",
          "resolved": "http://registry.npm.taobao.org/follow-redirects/download/follow-redirects-1.5.9.tgz",
          "integrity": "sha1-ye2ddIuBSjlTVxblMbkZaoRdicY=",
          "requires": {
            "debug": "=3.1.0"
          },
          "dependencies": {
            "debug": {
              "version": "3.1.0",
              "resolved": "http://registry.npm.taobao.org/debug/download/debug-3.1.0.tgz",
              "integrity": "sha1-W7WgZyYotkFJVmuhaBnmFRjGcmE=",
              "requires": {
                "ms": "2.0.0"
              }
            },
            "ms": {
              "version": "2.0.0",
              "resolved": "http://registry.npm.taobao.org/ms/download/ms-2.0.0.tgz",
              "integrity": "sha1-VgiurfwAvmwpAd9fmGF4jeDVl8g="
            }
          }
        },
        "fs.realpath": {
          "version": "1.0.0",
          "resolved": "http://registry.npm.taobao.org/fs.realpath/download/fs.realpath-1.0.0.tgz",
          "integrity": "sha1-FQStJSMVjKpA20onh8sBQRmU6k8="
        },
        "glob": {
          "version": "7.1.3",
          "resolved": "http://registry.npm.taobao.org/glob/download/glob-7.1.3.tgz",
          "integrity": "sha1-OWCDLT8VdBCDQtr9OmezMsCWnfE=",
          "requires": {
            "fs.realpath": "^1.0.0",
            "inherits": "2",
            "minimatch": "^3.0.4"
          }
        },
        "inherits": {
          "version": "2.0.3",
          "resolved": "http://registry.npm.taobao.org/inherits/download/inherits-2.0.3.tgz",
          "integrity": "sha1-Yzwsg+PaQqUC9SRmAiSA9CCCYd4="
        },
        "javascript-state-machine": {
          "version": "2.4.0",
          "resolved": "http://registry.npm.taobao.org/javascript-state-machine/download/javascript-state-machine-2.4.0.tgz",
          "integrity": "sha1-2L4x7DjySsGhgy8LZy/DzV95yW4="
        },
        "leancloud-realtime": {
          "version": "4.2.0",
          "resolved": "http://registry.npm.taobao.org/leancloud-realtime/download/leancloud-realtime-4.2.0.tgz",
          "integrity": "sha1-x2v116oCtxJV63lfTayi9Y77WI8=",
          "requires": {
            "axios": "^0.18.0",
            "base64-arraybuffer": "^0.1.5",
            "debug": "^3.1.0",
            "eventemitter3": "^3.0.0",
            "javascript-state-machine": "^2.3.5",
            "lodash": "^4.17.10",
            "protobufjs": "^5.0.1",
            "ws": "^5.2.1"
          },
          "dependencies": {
            "eventemitter3": {
              "version": "3.1.0",
              "resolved": "http://registry.npm.taobao.org/eventemitter3/download/eventemitter3-3.1.0.tgz",
              "integrity": "sha1-CQtNbNvWRe0Qv3UNS1QHlC17oWM="
            }
          }
        },
        "leancloud-realtime-plugin-live-query": {
          "version": "1.1.1",
          "resolved": "http://registry.npm.taobao.org/leancloud-realtime-plugin-live-query/download/leancloud-realtime-plugin-live-query-1.1.1.tgz",
          "integrity": "sha1-j1U/o/9UoToaKA9i3+gjMMCy8tQ="
        },
        "localstorage-memory": {
          "version": "1.0.2",
          "resolved": "http://registry.npm.taobao.org/localstorage-memory/download/localstorage-memory-1.0.2.tgz",
          "integrity": "sha1-zUqPIQ5V3VGckp9LTMgoKbWPmlE="
        },
        "lodash": {
          "version": "4.17.11",
          "resolved": "http://registry.npm.taobao.org/lodash/download/lodash-4.17.11.tgz",
          "integrity": "sha1-s56mIp72B+zYniyN8SU2iRysm40="
        },
        "md5": {
          "bundled": true
        },
        "minimatch": {
          "version": "3.0.4",
          "resolved": "http://registry.npm.taobao.org/minimatch/download/minimatch-3.0.4.tgz",
          "integrity": "sha1-UWbihkV/AzBgZL5Ul+jbsMPTIIM=",
          "requires": {
            "brace-expansion": "^1.1.7"
          }
        },
        "optjs": {
          "version": "3.2.2",
          "resolved": "http://registry.npm.taobao.org/optjs/download/optjs-3.2.2.tgz",
          "integrity": "sha1-aabOicRCpEQDFBrS+bNwvVu29O4="
        },
        "protobufjs": {
          "version": "5.0.3",
          "resolved": "http://registry.npm.taobao.org/protobufjs/download/protobufjs-5.0.3.tgz",
          "integrity": "sha1-5N/p+2fJCyYw0VhoJJvMSWFGehc=",
          "requires": {
            "ascli": "~1",
            "glob": "^7.0.5"
          }
        },
        "superagent": {
          "bundled": true
        },
        "underscore": {
          "version": "1.9.1",
          "resolved": "http://registry.npm.taobao.org/underscore/download/underscore-1.9.1.tgz",
          "integrity": "sha1-BtzjSg5op7q8KbNluOdLiSUgOWE="
        },
        "uuid": {
          "version": "http://registry.npm.taobao.org/uuid/download/uuid-3.3.2.tgz",
          "bundled": true
        },
        "ws": {
          "version": "5.2.2",
          "resolved": "http://registry.npm.taobao.org/ws/download/ws-5.2.2.tgz",
          "integrity": "sha1-3/7xSGa46NyRM1glFNG++vlumA8="
        }
      }
    },
    "qiniu-js": {
      "version": "1.0.24",
      "resolved": "http://registry.npm.taobao.org/qiniu-js/download/qiniu-js-1.0.24.tgz",
      "integrity": "sha1-doJrTZMCHeTpuSnCf3sISie26Vw="
    }
  }
}
